# THIS IS AN AUTOGENERATED FILE. DO NOT EDIT THIS FILE DIRECTLY.
# yarn lockfile v1


"@types/body-parser@*":
  version "1.19.0"
  resolved "https://registry.yarnpkg.com/@types/body-parser/-/body-parser-1.19.0.tgz#0685b3c47eb3006ffed117cdd55164b61f80538f"
  integrity sha512-W98JrE0j2K78swW4ukqMleo8R7h/pFETjM2DQ90MF6XK2i4LO4W3gQ71Lt4w3bfm2EvVSyWHplECvB5sK22yFQ==
  dependencies:
    "@types/connect" "*"
    "@types/node" "*"

"@types/connect@*":
  version "3.4.33"
  resolved "https://registry.yarnpkg.com/@types/connect/-/connect-3.4.33.tgz#31610c901eca573b8713c3330abc6e6b9f588546"
  integrity sha512-2+FrkXY4zllzTNfJth7jOqEHC+enpLeGslEhpnTAkg21GkRrWV4SsAtqchtT4YS9/nODBU2/ZfsBY2X4J/dX7A==
  dependencies:
    "@types/node" "*"

"@types/express-serve-static-core@*":
  version "4.17.7"
  resolved "https://registry.yarnpkg.com/@types/express-serve-static-core/-/express-serve-static-core-4.17.7.tgz#dfe61f870eb549dc6d7e12050901847c7d7e915b"
  integrity sha512-EMgTj/DF9qpgLXyc+Btimg+XoH7A2liE8uKul8qSmMTHCeNYzydDKFdsJskDvw42UsesCnhO63dO0Grbj8J4Dw==
  dependencies:
    "@types/node" "*"
    "@types/qs" "*"
    "@types/range-parser" "*"

"@types/express@^4.17.6":
  version "4.17.6"
  resolved "https://registry.yarnpkg.com/@types/express/-/express-4.17.6.tgz#6bce49e49570507b86ea1b07b806f04697fac45e"
  integrity sha512-n/mr9tZI83kd4azlPG5y997C/M4DNABK9yErhFM6hKdym4kkmd9j0vtsJyjFIwfRBxtrxZtAfGZCNRIBMFLK5w==
  dependencies:
    "@types/body-parser" "*"
    "@types/express-serve-static-core" "*"
    "@types/qs" "*"
    "@types/serve-static" "*"

"@types/mime@*":
  version "2.0.2"
  resolved "https://registry.yarnpkg.com/@types/mime/-/mime-2.0.2.tgz#857a118d8634c84bba7ae14088e4508490cd5da5"
  integrity sha512-4kPlzbljFcsttWEq6aBW0OZe6BDajAmyvr2xknBG92tejQnvdGtT9+kXSZ580DqpxY9qG2xeQVF9Dq0ymUTo5Q==

"@types/node@*", "@types/node@^14.0.6":
  version "14.0.6"
  resolved "https://registry.yarnpkg.com/@types/node/-/node-14.0.6.tgz#f9e178b2da31a4b0ec60b64649e244c31ce18daf"
  integrity sha512-FbNmu4F67d3oZMWBV6Y4MaPER+0EpE9eIYf2yaHhCWovc1dlXCZkqGX4NLHfVVr6umt20TNBdRzrNJIzIKfdbw==

"@types/qs@*":
  version "6.9.3"
  resolved "https://registry.yarnpkg.com/@types/qs/-/qs-6.9.3.tgz#b755a0934564a200d3efdf88546ec93c369abd03"
  integrity sha512-7s9EQWupR1fTc2pSMtXRQ9w9gLOcrJn+h7HOXw4evxyvVqMi4f+q7d2tnFe3ng3SNHjtK+0EzGMGFUQX4/AQRA==

"@types/range-parser@*":
  version "1.2.3"
  resolved "https://registry.yarnpkg.com/@types/range-parser/-/range-parser-1.2.3.tgz#7ee330ba7caafb98090bece86a5ee44115904c2c"
  integrity sha512-ewFXqrQHlFsgc09MK5jP5iR7vumV/BYayNC6PgJO2LPe8vrnNFyjQjSppfEngITi0qvfKtzFvgKymGheFM9UOA==

"@types/serve-static@*":
  version "1.13.4"
  resolved "https://registry.yarnpkg.com/@types/serve-static/-/serve-static-1.13.4.tgz#6662a93583e5a6cabca1b23592eb91e12fa80e7c"
  integrity sha512-jTDt0o/YbpNwZbQmE/+2e+lfjJEJJR0I3OFaKQKPWkASkCoW3i6fsUnqudSMcNAfbtmADGu8f4MV4q+GqULmug==
  dependencies:
    "@types/express-serve-static-core" "*"
    "@types/mime" "*"

ws@^7.3.0:
  version "7.3.0"
  resolved "https://registry.yarnpkg.com/ws/-/ws-7.3.0.tgz#4b2f7f219b3d3737bc1a2fbf145d825b94d38ffd"
  integrity sha512-iFtXzngZVXPGgpTlP1rBqsUK82p9tKqsWRPg5L56egiljujJT3vGAYnHANvFxBieXrTFavhzhxW52jnaWV+w2w==
